
Microsoft Visual Studio Solution File, Format Version 12.00
# Visual Studio Version 16
VisualStudioVersion = 16.0.29613.14
MinimumVisualStudioVersion = 10.0.40219.1
Project("{FAE04EC0-301F-11D3-BF4B-00C04F79EFBC}") = "LogBookReader", "LogBookReader\LogBookReader.csproj", "{157E73AB-A2DF-4767-83B2-0F2A762AC97B}"
EndProject
Project("{FAE04EC0-301F-11D3-BF4B-00C04F79EFBC}") = "LogBookReaderTest", "LogBookReaderTest\LogBookReaderTest.csproj", "{E4DE1F9D-2BB4-43C6-AA03-12E254605835}"
EndProject
Global
	GlobalSection(SolutionConfigurationPlatforms) = preSolution
		Debug|Any CPU = Debug|Any CPU
		Release|Any CPU = Release|Any CPU
	EndGlobalSection
	GlobalSection(ProjectConfigurationPlatforms) = postSolution
		{157E73AB-A2DF-4767-83B2-0F2A762AC97B}.Debug|Any CPU.ActiveCfg = Debug|Any CPU
		{157E73AB-A2DF-4767-83B2-0F2A762AC97B}.Debug|Any CPU.Build.0 = Debug|Any CPU
		{157E73AB-A2DF-4767-83B2-0F2A762AC97B}.Release|Any CPU.ActiveCfg = Release|Any CPU
		{157E73AB-A2DF-4767-83B2-0F2A762AC97B}.Release|Any CPU.Build.0 = Release|Any CPU
		{E4DE1F9D-2BB4-43C6-AA03-12E254605835}.Debug|Any CPU.ActiveCfg = Debug|Any CPU
		{E4DE1F9D-2BB4-43C6-AA03-12E254605835}.Debug|Any CPU.Build.0 = Debug|Any CPU
		{E4DE1F9D-2BB4-43C6-AA03-12E254605835}.Release|Any CPU.ActiveCfg = Release|Any CPU
		{E4DE1F9D-2BB4-43C6-AA03-12E254605835}.Release|Any CPU.Build.0 = Release|Any CPU
	EndGlobalSection
	GlobalSection(SolutionProperties) = preSolution
		HideSolutionNode = FALSE
	EndGlobalSection
	GlobalSection(ExtensibilityGlobals) = postSolution
		SolutionGuid = {A3D9E2FE-7BF5-4EA6-8570-564196FBA219}
	EndGlobalSection
EndGlobal
